
Microsoft Visual Studio Solution File, Format Version 12.00
# Visual Studio Version 16
VisualStudioVersion = 16.0.33529.622
MinimumVisualStudioVersion = 10.0.40219.1
Project("{FAE04EC0-301F-11D3-BF4B-00C04F79EFBC}") = "MyMondayApp", "MyMondayApp\MyMondayApp.csproj", "{FF9E3A8A-C5DB-4390-8A50-32B9C83D5119}"
EndProject
Global
	GlobalSection(SolutionConfigurationPlatforms) = preSolution
		Debug|Any CPU = Debug|Any CPU
		Release|Any CPU = Release|Any CPU
	EndGlobalSection
	GlobalSection(ProjectConfigurationPlatforms) = postSolution
		{FF9E3A8A-C5DB-4390-8A50-32B9C83D5119}.Debug|Any CPU.ActiveCfg = Debug|Any CPU
		{FF9E3A8A-C5DB-4390-8A50-32B9C83D5119}.Debug|Any CPU.Build.0 = Debug|Any CPU
		{FF9E3A8A-C5DB-4390-8A50-32B9C83D5119}.Release|Any CPU.ActiveCfg = Release|Any CPU
		{FF9E3A8A-C5DB-4390-8A50-32B9C83D5119}.Release|Any CPU.Build.0 = Release|Any CPU
	EndGlobalSection
	GlobalSection(SolutionProperties) = preSolution
		HideSolutionNode = FALSE
	EndGlobalSection
	GlobalSection(ExtensibilityGlobals) = postSolution
		SolutionGuid = {27A30027-8019-4314-B461-47A097A63224}
	EndGlobalSection
EndGlobal
